{
    "_meta": {
        "hash": {
            "sha256": "e4446a07d6217f9bdfbf154c77a95ab4c4a2c5d97e3d51e86c9712f93955b3d3"
        },
        "pipfile-spec": 6,
        "requires": {
            "python_version": "3.8"
        }
    },
    "default": {
        "cryptography": {
            "version": "==3.3.2",
            "hashes": [
                "sha256:6f9c1cc0e94f5e1d3f28d87c8df998b6d92d74c2c23bcf42cfbf4cc330fa84f5"
            ]
        },
        "pycryptodome": {
            "version": "==3.14.1",
            "hashes": [
                "sha256:6a6b5b2540f55aeb5f45e0e469e5bf3c8272f3bb83c2257427fa91d054a3a4b3"
            ]
        },
        "pyca": {
            "version": "==1.1.0",
            "hashes": [
                "sha256:5ad453a7f71b42d7c9e5211db5e2e55ad0136f4e23b6e5440fc25445e416d8e5"
            ]
        },
        "openssl": {
            "version": "==1.1.1",
            "hashes": [
                "sha256:fac3a0b09d28d9fd511bcbe05e234ff1ffb99ebd5bf44fb9e452945f1c0e3569"
            ]
        }
    },
    "develop": {
        "pytest": {
            "version": "==6.2.4",
            "hashes": [
                "sha256:ad1f5e27bcd1ff8e19b8a34712f416fd6b2eae858e9cc5f7b2c45193edac7f1d"
            ]
        }
    }
}
